// !$*UTF8*$!
{
	archiveVersion = 1;
	classes = {
	};
	objectVersion = 46;
	objects = {
/* Begin PBXBuildFile section */
		0207DA581B56EA530066E2B4 /* Images.xcassets in Resources */ = {isa = PBXBuildFile; fileRef = 0207DA571B56EA530066E2B4 /* Images.xcassets */; };
		08A2BF342AEA46C4AE063400 /* CDVDevice.m in Sources */ = {isa = PBXBuildFile; fileRef = 1CBDB9A1ACA34815A55E1D4A /* CDVDevice.m */; };
		1349B6F9F2A8424EB31881E5 /* CDVConnection.m in Sources */ = {isa = PBXBuildFile; fileRef = 4732DDB2C35D4884AF30E935 /* CDVConnection.m */; };
		19B3584683C04D49908733D2 /* AddressBook.framework in Frameworks */ = {isa = PBXBuildFile; fileRef = 35B24C33C14E48DA9DBDC78D /* AddressBook.framework */; };
		1D3623260D0F684500981E51 /* AppDelegate.m in Sources */ = {isa = PBXBuildFile; fileRef = 1D3623250D0F684500981E51 /* AppDelegate.m */; };
		1D60589B0D05DD56006BFB54 /* main.m in Sources */ = {isa = PBXBuildFile; fileRef = 29B97316FDCFA39411CA2CEA /* main.m */; };
		1E4AE11661B345A0A9D8A8CD /* QuartzCore.framework in Frameworks */ = {isa = PBXBuildFile; fileRef = 082155ACFF3A4FF6B1A97B5B /* QuartzCore.framework */; };
		301BF552109A68D80062928A /* libCordova.a in Frameworks */ = {isa = PBXBuildFile; fileRef = 301BF535109A57CC0062928A /* libCordova.a */; };
		302D95F114D2391D003F00A1 /* MainViewController.m in Sources */ = {isa = PBXBuildFile; fileRef = 302D95EF14D2391D003F00A1 /* MainViewController.m */; };
		302D95F214D2391D003F00A1 /* MainViewController.xib in Resources */ = {isa = PBXBuildFile; fileRef = 302D95F014D2391D003F00A1 /* MainViewController.xib */; };
		33548A07E9B6461EA46DD2D5 /* CoreTelephony.framework in Frameworks */ = {isa = PBXBuildFile; fileRef = 7B9548AA022F40C4A1B5683F /* CoreTelephony.framework */; };
		34EF6F6965CF4E9BBA9DBAD4 /* CDVReachability.m in Sources */ = {isa = PBXBuildFile; fileRef = 8BFE4392562B4F69BAD3AA6B /* CDVReachability.m */; };
		3CEA671DC31543B7BAB3E2DC /* CDVStatusBar.m in Sources */ = {isa = PBXBuildFile; fileRef = 03E7B365B1A147E99151AD2E /* CDVStatusBar.m */; };
		40948BB9F5AD478BA50358DC /* Toast.m in Sources */ = {isa = PBXBuildFile; fileRef = 9132790D6B934F579B95C027 /* Toast.m */; };
		54746B2FC1A94DEDA54DD688 /* PushPlugin.m in Sources */ = {isa = PBXBuildFile; fileRef = A4BA17D7866F4DBF9173A90F /* PushPlugin.m */; };
		55DFAB53985544028E4CC61E /* libz.tbd in Frameworks */ = {isa = PBXBuildFile; fileRef = 2D47896BF4444700BCAE86B6 /* libz.tbd */; };
		628D43B466BE44538EF87CFF /* Toast+UIView.m in Sources */ = {isa = PBXBuildFile; fileRef = 7F1CAF47968544ABAF166B9E /* Toast+UIView.m */; };
		6AFF5BF91D6E424B00AB3073 /* CDVLaunchScreen.storyboard in Resources */ = {isa = PBXBuildFile; fileRef = 6AFF5BF81D6E424B00AB3073 /* CDVLaunchScreen.storyboard */; };
		76E692E6230C6685D8125FF9 /* libPods-JJS.a in Frameworks */ = {isa = PBXBuildFile; fileRef = 65558508A94997279C743C46 /* libPods-JJS.a */; };
		8E379D2E6E024196890A1811 /* CDVLogger.m in Sources */ = {isa = PBXBuildFile; fileRef = DE2819604C1A4351BE27A453 /* CDVLogger.m */; };
		97A61B84BCDB452C86183326 /* IonicKeyboard.m in Sources */ = {isa = PBXBuildFile; fileRef = 85B00EA63CE5419AB23F41D0 /* IonicKeyboard.m */; };
		B4D7CBBF1B764350AC5C3AE2 /* libsqlite3.tbd in Frameworks */ = {isa = PBXBuildFile; fileRef = 8217CA543C8947BD88625DCE /* libsqlite3.tbd */; };
		D144E98ABCFB4F5FB27A8A98 /* Sim.m in Sources */ = {isa = PBXBuildFile; fileRef = 1AA3B21E18AB424F9A5E4D2F /* Sim.m */; };
		D28FA83E6EE14FCEA5A32EDC /* AppDelegate+notification.m in Sources */ = {isa = PBXBuildFile; fileRef = 10B315E05C184A159190F46C /* AppDelegate+notification.m */; };
		E6F15EE53239412F8CF1C600 /* SystemConfiguration.framework in Frameworks */ = {isa = PBXBuildFile; fileRef = 1F5E377C15C6490EB66AE13A /* SystemConfiguration.framework */; settings = {ATTRIBUTES = (Weak, ); }; };
		F243215D36264D45AE57CC2A /* CDVSplashScreen.m in Sources */ = {isa = PBXBuildFile; fileRef = 4507FDBAED264FA6BEB772D5 /* CDVSplashScreen.m */; };
		FB90A0E67A54406A993BF830 /* CDVViewController+SplashScreen.m in Sources */ = {isa = PBXBuildFile; fileRef = B33F4237454147549866E176 /* CDVViewController+SplashScreen.m */; };
		E7E4EEBA1B6341C98BEC68ED /* NSString+SSURLEncoding.m in Sources */ = {isa = PBXBuildFile; fileRef = A3DE55804E9441518AF8C1E8 /* NSString+SSURLEncoding.m */; };
		C8B8018541F64F6CA9F9940D /* SocialSharing.m in Sources */ = {isa = PBXBuildFile; fileRef = 7494F5902C3C4FA2981E257D /* SocialSharing.m */; };
		0AA5DC408D1849078487E8BB /* Social.framework in Frameworks */ = {isa = PBXBuildFile; fileRef = 3EFF32AC0C9E41BAA21DC6A8 /* Social.framework */; settings = {ATTRIBUTES = (Weak, ); }; };
		1C108FE7F87D4BB2B4F69CE3 /* MessageUI.framework in Frameworks */ = {isa = PBXBuildFile; fileRef = E791B0677E5B48C5A1D12302 /* MessageUI.framework */; settings = {ATTRIBUTES = (Weak, ); }; };
		2D996045CF2A487D944D3153 /* UIImage+CropScaleOrientation.m in Sources */ = {isa = PBXBuildFile; fileRef = B14F7A60F1BB43DBA217F54D /* UIImage+CropScaleOrientation.m */; };
		416EB557F47F40B989936B45 /* CDVCamera.m in Sources */ = {isa = PBXBuildFile; fileRef = 0F792B2550DE471FACA67A7C /* CDVCamera.m */; };
		E256A3CC61F144369C226C82 /* CDVJpegHeaderWriter.m in Sources */ = {isa = PBXBuildFile; fileRef = FC28B3C0714249B29D98ADF6 /* CDVJpegHeaderWriter.m */; };
		D5AD3D522E4F46ACA00C8F5C /* ImageIO.framework in Frameworks */ = {isa = PBXBuildFile; fileRef = 619DE427662A4BC592CE6F3F /* ImageIO.framework */; settings = {ATTRIBUTES = (Weak, ); }; };
		860A9D6630504273B55E6459 /* CoreLocation.framework in Frameworks */ = {isa = PBXBuildFile; fileRef = CB196B40CCEE4D98B48D6014 /* CoreLocation.framework */; };
		D4AAD9B8612947B3871DD645 /* AVFoundation.framework in Frameworks */ = {isa = PBXBuildFile; fileRef = 9502DEDDB76A414EB3700CAE /* AVFoundation.framework */; };
/* End PBXBuildFile section */

/* Begin PBXContainerItemProxy section */
		301BF534109A57CC0062928A /* PBXContainerItemProxy */ = {
			isa = PBXContainerItemProxy;
			containerPortal = 301BF52D109A57CC0062928A /* CordovaLib.xcodeproj */;
			proxyType = 2;
			remoteGlobalIDString = D2AAC07E0554694100DB518D;
			remoteInfo = CordovaLib;
		};
		301BF550109A68C00062928A /* PBXContainerItemProxy */ = {
			isa = PBXContainerItemProxy;
			containerPortal = 301BF52D109A57CC0062928A /* CordovaLib.xcodeproj */;
			proxyType = 1;
			remoteGlobalIDString = D2AAC07D0554694100DB518D;
			remoteInfo = CordovaLib;
		};
/* End PBXContainerItemProxy section */

/* Begin PBXFileReference section */
		0207DA571B56EA530066E2B4 /* Images.xcassets */ = {isa = PBXFileReference; lastKnownFileType = folder.assetcatalog; name = Images.xcassets; path = JJS/Images.xcassets; sourceTree = SOURCE_ROOT; };
		03E7B365B1A147E99151AD2E /* CDVStatusBar.m */ = {isa = PBXFileReference; explicitFileType = undefined; fileEncoding = 4; includeInIndex = 0; lastKnownFileType = sourcecode.c.objc; name = CDVStatusBar.m; path = "cordova-plugin-statusbar/CDVStatusBar.m"; sourceTree = "<group>"; };
		082155ACFF3A4FF6B1A97B5B /* QuartzCore.framework */ = {isa = PBXFileReference; explicitFileType = undefined; fileEncoding = 9; includeInIndex = 0; lastKnownFileType = wrapper.framework; name = QuartzCore.framework; path = System/Library/Frameworks/QuartzCore.framework; sourceTree = SDKROOT; };
		0D7EA2814CB24FA0B11DD1F1 /* CDVSplashScreen.h */ = {isa = PBXFileReference; explicitFileType = undefined; fileEncoding = 4; includeInIndex = 0; lastKnownFileType = sourcecode.c.h; name = CDVSplashScreen.h; path = "cordova-plugin-splashscreen/CDVSplashScreen.h"; sourceTree = "<group>"; };
		10B315E05C184A159190F46C /* AppDelegate+notification.m */ = {isa = PBXFileReference; explicitFileType = undefined; fileEncoding = 4; includeInIndex = 0; lastKnownFileType = sourcecode.c.objc; name = "AppDelegate+notification.m"; path = "phonegap-plugin-push/AppDelegate+notification.m"; sourceTree = "<group>"; };
		1AA3B21E18AB424F9A5E4D2F /* Sim.m */ = {isa = PBXFileReference; explicitFileType = undefined; fileEncoding = 4; includeInIndex = 0; lastKnownFileType = sourcecode.c.objc; name = Sim.m; path = "cordova-plugin-sim/Sim.m"; sourceTree = "<group>"; };
		1AC011AC483749EE8FC915D7 /* IonicKeyboard.h */ = {isa = PBXFileReference; explicitFileType = undefined; fileEncoding = 4; includeInIndex = 0; lastKnownFileType = sourcecode.c.h; name = IonicKeyboard.h; path = "ionic-plugin-keyboard/IonicKeyboard.h"; sourceTree = "<group>"; };
		1CBDB9A1ACA34815A55E1D4A /* CDVDevice.m */ = {isa = PBXFileReference; explicitFileType = undefined; fileEncoding = 4; includeInIndex = 0; lastKnownFileType = sourcecode.c.objc; name = CDVDevice.m; path = "cordova-plugin-device/CDVDevice.m"; sourceTree = "<group>"; };
		1D3623240D0F684500981E51 /* AppDelegate.h */ = {isa = PBXFileReference; fileEncoding = 4; lastKnownFileType = sourcecode.c.h; path = AppDelegate.h; sourceTree = "<group>"; };
		1D3623250D0F684500981E51 /* AppDelegate.m */ = {isa = PBXFileReference; fileEncoding = 4; lastKnownFileType = sourcecode.c.objc; path = AppDelegate.m; sourceTree = "<group>"; };
		1D6058910D05DD3D006BFB54 /* JJS.app */ = {isa = PBXFileReference; explicitFileType = wrapper.application; includeInIndex = 0; path = JJS.app; sourceTree = BUILT_PRODUCTS_DIR; };
		1F5E377C15C6490EB66AE13A /* SystemConfiguration.framework */ = {isa = PBXFileReference; explicitFileType = undefined; fileEncoding = 9; includeInIndex = 0; lastKnownFileType = wrapper.framework; name = SystemConfiguration.framework; path = System/Library/Frameworks/SystemConfiguration.framework; sourceTree = SDKROOT; };
		29B97316FDCFA39411CA2CEA /* main.m */ = {isa = PBXFileReference; fileEncoding = 4; lastKnownFileType = sourcecode.c.objc; path = main.m; sourceTree = "<group>"; };
		2D47896BF4444700BCAE86B6 /* libz.tbd */ = {isa = PBXFileReference; explicitFileType = undefined; fileEncoding = 9; includeInIndex = 0; lastKnownFileType = "sourcecode.text-based-dylib-definition"; name = libz.tbd; path = usr/lib/libz.tbd; sourceTree = SDKROOT; };
		301BF52D109A57CC0062928A /* CordovaLib.xcodeproj */ = {isa = PBXFileReference; lastKnownFileType = "wrapper.pb-project"; name = CordovaLib.xcodeproj; path = CordovaLib/CordovaLib.xcodeproj; sourceTree = "<group>"; };
		301BF56E109A69640062928A /* www */ = {isa = PBXFileReference; lastKnownFileType = folder; path = www; sourceTree = SOURCE_ROOT; };
		302D95EE14D2391D003F00A1 /* MainViewController.h */ = {isa = PBXFileReference; fileEncoding = 4; lastKnownFileType = sourcecode.c.h; path = MainViewController.h; sourceTree = "<group>"; };
		302D95EF14D2391D003F00A1 /* MainViewController.m */ = {isa = PBXFileReference; fileEncoding = 4; lastKnownFileType = sourcecode.c.objc; path = MainViewController.m; sourceTree = "<group>"; };
		302D95F014D2391D003F00A1 /* MainViewController.xib */ = {isa = PBXFileReference; fileEncoding = 4; lastKnownFileType = file.xib; path = MainViewController.xib; sourceTree = "<group>"; };
		3047A50F1AB8059700498E2A /* build-debug.xcconfig */ = {isa = PBXFileReference; fileEncoding = 4; lastKnownFileType = text.xcconfig; name = "build-debug.xcconfig"; path = "cordova/build-debug.xcconfig"; sourceTree = SOURCE_ROOT; };
		3047A5101AB8059700498E2A /* build-release.xcconfig */ = {isa = PBXFileReference; fileEncoding = 4; lastKnownFileType = text.xcconfig; name = "build-release.xcconfig"; path = "cordova/build-release.xcconfig"; sourceTree = SOURCE_ROOT; };
		3047A5111AB8059700498E2A /* build.xcconfig */ = {isa = PBXFileReference; fileEncoding = 4; lastKnownFileType = text.xcconfig; name = build.xcconfig; path = cordova/build.xcconfig; sourceTree = SOURCE_ROOT; };
		32CA4F630368D1EE00C91783 /* JJS-Prefix.pch */ = {isa = PBXFileReference; fileEncoding = 4; lastKnownFileType = sourcecode.c.h; path = "JJS-Prefix.pch"; sourceTree = "<group>"; };
		35B24C33C14E48DA9DBDC78D /* AddressBook.framework */ = {isa = PBXFileReference; explicitFileType = undefined; fileEncoding = 9; includeInIndex = 0; lastKnownFileType = wrapper.framework; name = AddressBook.framework; path = System/Library/Frameworks/AddressBook.framework; sourceTree = SDKROOT; };
		38455FB056BB4E1EADB18A00 /* CDVViewController+SplashScreen.h */ = {isa = PBXFileReference; explicitFileType = undefined; fileEncoding = 4; includeInIndex = 0; lastKnownFileType = sourcecode.c.h; name = "CDVViewController+SplashScreen.h"; path = "cordova-plugin-splashscreen/CDVViewController+SplashScreen.h"; sourceTree = "<group>"; };
		3C81F35FC9814439A23D46B3 /* Toast+UIView.h */ = {isa = PBXFileReference; explicitFileType = undefined; fileEncoding = 4; includeInIndex = 0; lastKnownFileType = sourcecode.c.h; name = "Toast+UIView.h"; path = "cordova-plugin-x-toast/Toast+UIView.h"; sourceTree = "<group>"; };
		4067353849034E269531E180 /* CDVDevice.h */ = {isa = PBXFileReference; explicitFileType = undefined; fileEncoding = 4; includeInIndex = 0; lastKnownFileType = sourcecode.c.h; name = CDVDevice.h; path = "cordova-plugin-device/CDVDevice.h"; sourceTree = "<group>"; };
		4507FDBAED264FA6BEB772D5 /* CDVSplashScreen.m */ = {isa = PBXFileReference; explicitFileType = undefined; fileEncoding = 4; includeInIndex = 0; lastKnownFileType = sourcecode.c.objc; name = CDVSplashScreen.m; path = "cordova-plugin-splashscreen/CDVSplashScreen.m"; sourceTree = "<group>"; };
		4732DDB2C35D4884AF30E935 /* CDVConnection.m */ = {isa = PBXFileReference; explicitFileType = undefined; fileEncoding = 4; includeInIndex = 0; lastKnownFileType = sourcecode.c.objc; name = CDVConnection.m; path = "cordova-plugin-network-information/CDVConnection.m"; sourceTree = "<group>"; };
		5791FDDA775247DAB0C39DCB /* Toast.h */ = {isa = PBXFileReference; explicitFileType = undefined; fileEncoding = 4; includeInIndex = 0; lastKnownFileType = sourcecode.c.h; name = Toast.h; path = "cordova-plugin-x-toast/Toast.h"; sourceTree = "<group>"; };
		65558508A94997279C743C46 /* libPods-JJS.a */ = {isa = PBXFileReference; explicitFileType = archive.ar; includeInIndex = 0; path = "libPods-JJS.a"; sourceTree = BUILT_PRODUCTS_DIR; };
		6AFF5BF81D6E424B00AB3073 /* CDVLaunchScreen.storyboard */ = {isa = PBXFileReference; fileEncoding = 4; lastKnownFileType = file.storyboard; name = CDVLaunchScreen.storyboard; path = JJS/CDVLaunchScreen.storyboard; sourceTree = SOURCE_ROOT; };
		6B829D4D0B254295AEA8CD32 /* CDVLogger.h */ = {isa = PBXFileReference; explicitFileType = undefined; fileEncoding = 4; includeInIndex = 0; lastKnownFileType = sourcecode.c.h; name = CDVLogger.h; path = "cordova-plugin-console/CDVLogger.h"; sourceTree = "<group>"; };
		75181D71D9234994A830D6B3 /* CDVReachability.h */ = {isa = PBXFileReference; explicitFileType = undefined; fileEncoding = 4; includeInIndex = 0; lastKnownFileType = sourcecode.c.h; name = CDVReachability.h; path = "cordova-plugin-network-information/CDVReachability.h"; sourceTree = "<group>"; };
		7B9548AA022F40C4A1B5683F /* CoreTelephony.framework */ = {isa = PBXFileReference; explicitFileType = undefined; fileEncoding = 9; includeInIndex = 0; lastKnownFileType = wrapper.framework; name = CoreTelephony.framework; path = System/Library/Frameworks/CoreTelephony.framework; sourceTree = SDKROOT; };
		7C3F4EDCAE7E45DC94A933C5 /* AppDelegate+notification.h */ = {isa = PBXFileReference; explicitFileType = undefined; fileEncoding = 4; includeInIndex = 0; lastKnownFileType = sourcecode.c.h; name = "AppDelegate+notification.h"; path = "phonegap-plugin-push/AppDelegate+notification.h"; sourceTree = "<group>"; };
		7F1CAF47968544ABAF166B9E /* Toast+UIView.m */ = {isa = PBXFileReference; explicitFileType = undefined; fileEncoding = 4; includeInIndex = 0; lastKnownFileType = sourcecode.c.objc; name = "Toast+UIView.m"; path = "cordova-plugin-x-toast/Toast+UIView.m"; sourceTree = "<group>"; };
		8217CA543C8947BD88625DCE /* libsqlite3.tbd */ = {isa = PBXFileReference; explicitFileType = undefined; fileEncoding = 9; includeInIndex = 0; lastKnownFileType = "sourcecode.text-based-dylib-definition"; name = libsqlite3.tbd; path = usr/lib/libsqlite3.tbd; sourceTree = SDKROOT; };
		85B00EA63CE5419AB23F41D0 /* IonicKeyboard.m */ = {isa = PBXFileReference; explicitFileType = undefined; fileEncoding = 4; includeInIndex = 0; lastKnownFileType = sourcecode.c.objc; name = IonicKeyboard.m; path = "ionic-plugin-keyboard/IonicKeyboard.m"; sourceTree = "<group>"; };
		8BABC9C8553C4FDCBBECA159 /* CDVStatusBar.h */ = {isa = PBXFileReference; explicitFileType = undefined; fileEncoding = 4; includeInIndex = 0; lastKnownFileType = sourcecode.c.h; name = CDVStatusBar.h; path = "cordova-plugin-statusbar/CDVStatusBar.h"; sourceTree = "<group>"; };
		8BFE4392562B4F69BAD3AA6B /* CDVReachability.m */ = {isa = PBXFileReference; explicitFileType = undefined; fileEncoding = 4; includeInIndex = 0; lastKnownFileType = sourcecode.c.objc; name = CDVReachability.m; path = "cordova-plugin-network-information/CDVReachability.m"; sourceTree = "<group>"; };
		8D1107310486CEB800E47090 /* JJS-Info.plist */ = {isa = PBXFileReference; fileEncoding = 4; lastKnownFileType = text.plist.xml; name = "JJS-Info.plist"; path = "JJS/JJS-Info.plist"; plistStructureDefinitionIdentifier = "com.apple.xcode.plist.structure-definition.iphone.info-plist"; sourceTree = SOURCE_ROOT; };
		9132790D6B934F579B95C027 /* Toast.m */ = {isa = PBXFileReference; explicitFileType = undefined; fileEncoding = 4; includeInIndex = 0; lastKnownFileType = sourcecode.c.objc; name = Toast.m; path = "cordova-plugin-x-toast/Toast.m"; sourceTree = "<group>"; };
		A4BA17D7866F4DBF9173A90F /* PushPlugin.m */ = {isa = PBXFileReference; explicitFileType = undefined; fileEncoding = 4; includeInIndex = 0; lastKnownFileType = sourcecode.c.objc; name = PushPlugin.m; path = "phonegap-plugin-push/PushPlugin.m"; sourceTree = "<group>"; };
		A9A9D3CF8B6C42839B475771 /* PushPlugin.h */ = {isa = PBXFileReference; explicitFileType = undefined; fileEncoding = 4; includeInIndex = 0; lastKnownFileType = sourcecode.c.h; name = PushPlugin.h; path = "phonegap-plugin-push/PushPlugin.h"; sourceTree = "<group>"; };
		B33F4237454147549866E176 /* CDVViewController+SplashScreen.m */ = {isa = PBXFileReference; explicitFileType = undefined; fileEncoding = 4; includeInIndex = 0; lastKnownFileType = sourcecode.c.objc; name = "CDVViewController+SplashScreen.m"; path = "cordova-plugin-splashscreen/CDVViewController+SplashScreen.m"; sourceTree = "<group>"; };
		BBB9816121E945A2BF2F3F98 /* Sim.h */ = {isa = PBXFileReference; explicitFileType = undefined; fileEncoding = 4; includeInIndex = 0; lastKnownFileType = sourcecode.c.h; name = Sim.h; path = "cordova-plugin-sim/Sim.h"; sourceTree = "<group>"; };
		DE2819604C1A4351BE27A453 /* CDVLogger.m */ = {isa = PBXFileReference; explicitFileType = undefined; fileEncoding = 4; includeInIndex = 0; lastKnownFileType = sourcecode.c.objc; name = CDVLogger.m; path = "cordova-plugin-console/CDVLogger.m"; sourceTree = "<group>"; };
		E2ADD5E3AE6846529A7F04CF /* CDVConnection.h */ = {isa = PBXFileReference; explicitFileType = undefined; fileEncoding = 4; includeInIndex = 0; lastKnownFileType = sourcecode.c.h; name = CDVConnection.h; path = "cordova-plugin-network-information/CDVConnection.h"; sourceTree = "<group>"; };
		EB87FDF31871DA8E0020F90C /* www */ = {isa = PBXFileReference; lastKnownFileType = folder; name = www; path = ../../www; sourceTree = "<group>"; };
		EB87FDF41871DAF40020F90C /* config.xml */ = {isa = PBXFileReference; lastKnownFileType = text.xml; name = config.xml; path = ../../config.xml; sourceTree = "<group>"; };
		ED33DF2A687741AEAF9F8254 /* Bridging-Header.h */ = {isa = PBXFileReference; fileEncoding = 4; lastKnownFileType = sourcecode.c.h; path = "Bridging-Header.h"; sourceTree = "<group>"; };
		F840E1F0165FE0F500CFE078 /* config.xml */ = {isa = PBXFileReference; lastKnownFileType = text.xml; name = config.xml; path = JJS/config.xml; sourceTree = "<group>"; };
		A3DE55804E9441518AF8C1E8 /* NSString+SSURLEncoding.m */ = {isa = PBXFileReference; name = "NSString+SSURLEncoding.m"; path = "cordova-plugin-x-socialsharing/NSString+SSURLEncoding.m"; sourceTree = "<group>"; fileEncoding = 4; lastKnownFileType = sourcecode.c.objc; explicitFileType = undefined; includeInIndex = 0; };
		7494F5902C3C4FA2981E257D /* SocialSharing.m */ = {isa = PBXFileReference; name = "SocialSharing.m"; path = "cordova-plugin-x-socialsharing/SocialSharing.m"; sourceTree = "<group>"; fileEncoding = 4; lastKnownFileType = sourcecode.c.objc; explicitFileType = undefined; includeInIndex = 0; };
		C80EC19017EB49148B33C146 /* NSString+SSURLEncoding.h */ = {isa = PBXFileReference; name = "NSString+SSURLEncoding.h"; path = "cordova-plugin-x-socialsharing/NSString+SSURLEncoding.h"; sourceTree = "<group>"; fileEncoding = 4; lastKnownFileType = sourcecode.c.h; explicitFileType = undefined; includeInIndex = 0; };
		8CC9F1DC76BD42BF9CA0D060 /* SocialSharing.h */ = {isa = PBXFileReference; name = "SocialSharing.h"; path = "cordova-plugin-x-socialsharing/SocialSharing.h"; sourceTree = "<group>"; fileEncoding = 4; lastKnownFileType = sourcecode.c.h; explicitFileType = undefined; includeInIndex = 0; };
		3EFF32AC0C9E41BAA21DC6A8 /* Social.framework */ = {isa = PBXFileReference; name = "Social.framework"; path = "System/Library/Frameworks/Social.framework"; sourceTree = SDKROOT; fileEncoding = undefined; lastKnownFileType = wrapper.framework; explicitFileType = undefined; includeInIndex = 0; };
		E791B0677E5B48C5A1D12302 /* MessageUI.framework */ = {isa = PBXFileReference; name = "MessageUI.framework"; path = "System/Library/Frameworks/MessageUI.framework"; sourceTree = SDKROOT; fileEncoding = undefined; lastKnownFileType = wrapper.framework; explicitFileType = undefined; includeInIndex = 0; };
		B14F7A60F1BB43DBA217F54D /* UIImage+CropScaleOrientation.m */ = {isa = PBXFileReference; name = "UIImage+CropScaleOrientation.m"; path = "cordova-plugin-camera/UIImage+CropScaleOrientation.m"; sourceTree = "<group>"; fileEncoding = 4; lastKnownFileType = sourcecode.c.objc; explicitFileType = undefined; includeInIndex = 0; };
		0F792B2550DE471FACA67A7C /* CDVCamera.m */ = {isa = PBXFileReference; name = "CDVCamera.m"; path = "cordova-plugin-camera/CDVCamera.m"; sourceTree = "<group>"; fileEncoding = 4; lastKnownFileType = sourcecode.c.objc; explicitFileType = undefined; includeInIndex = 0; };
		FC28B3C0714249B29D98ADF6 /* CDVJpegHeaderWriter.m */ = {isa = PBXFileReference; name = "CDVJpegHeaderWriter.m"; path = "cordova-plugin-camera/CDVJpegHeaderWriter.m"; sourceTree = "<group>"; fileEncoding = 4; lastKnownFileType = sourcecode.c.objc; explicitFileType = undefined; includeInIndex = 0; };
		668B3627B34042BEBE96379F /* UIImage+CropScaleOrientation.h */ = {isa = PBXFileReference; name = "UIImage+CropScaleOrientation.h"; path = "cordova-plugin-camera/UIImage+CropScaleOrientation.h"; sourceTree = "<group>"; fileEncoding = 4; lastKnownFileType = sourcecode.c.h; explicitFileType = undefined; includeInIndex = 0; };
		E6FC8C9FC37D4F52A17A1B8D /* CDVCamera.h */ = {isa = PBXFileReference; name = "CDVCamera.h"; path = "cordova-plugin-camera/CDVCamera.h"; sourceTree = "<group>"; fileEncoding = 4; lastKnownFileType = sourcecode.c.h; explicitFileType = undefined; includeInIndex = 0; };
		09CC8DDE8619482D831992D1 /* CDVJpegHeaderWriter.h */ = {isa = PBXFileReference; name = "CDVJpegHeaderWriter.h"; path = "cordova-plugin-camera/CDVJpegHeaderWriter.h"; sourceTree = "<group>"; fileEncoding = 4; lastKnownFileType = sourcecode.c.h; explicitFileType = undefined; includeInIndex = 0; };
		92F008FBAEF746DD80EEDB81 /* CDVExif.h */ = {isa = PBXFileReference; name = "CDVExif.h"; path = "cordova-plugin-camera/CDVExif.h"; sourceTree = "<group>"; fileEncoding = 4; lastKnownFileType = sourcecode.c.h; explicitFileType = undefined; includeInIndex = 0; };
		619DE427662A4BC592CE6F3F /* ImageIO.framework */ = {isa = PBXFileReference; name = "ImageIO.framework"; path = "System/Library/Frameworks/ImageIO.framework"; sourceTree = SDKROOT; fileEncoding = undefined; lastKnownFileType = wrapper.framework; explicitFileType = undefined; includeInIndex = 0; };
		CB196B40CCEE4D98B48D6014 /* CoreLocation.framework */ = {isa = PBXFileReference; name = "CoreLocation.framework"; path = "System/Library/Frameworks/CoreLocation.framework"; sourceTree = SDKROOT; fileEncoding = undefined; lastKnownFileType = wrapper.framework; explicitFileType = undefined; includeInIndex = 0; };
		9502DEDDB76A414EB3700CAE /* AVFoundation.framework */ = {isa = PBXFileReference; name = "AVFoundation.framework"; path = "System/Library/Frameworks/AVFoundation.framework"; sourceTree = SDKROOT; fileEncoding = undefined; lastKnownFileType = wrapper.framework; explicitFileType = undefined; includeInIndex = 0; };
/* End PBXFileReference section */

/* Begin PBXFrameworksBuildPhase section */
		1D60588F0D05DD3D006BFB54 /* Frameworks */ = {
			isa = PBXFrameworksBuildPhase;
			buildActionMask = 2147483647;
			files = (
				301BF552109A68D80062928A /* libCordova.a in Frameworks */,
				E6F15EE53239412F8CF1C600 /* SystemConfiguration.framework in Frameworks */,
				33548A07E9B6461EA46DD2D5 /* CoreTelephony.framework in Frameworks */,
				1E4AE11661B345A0A9D8A8CD /* QuartzCore.framework in Frameworks */,
				19B3584683C04D49908733D2 /* AddressBook.framework in Frameworks */,
				B4D7CBBF1B764350AC5C3AE2 /* libsqlite3.tbd in Frameworks */,
				55DFAB53985544028E4CC61E /* libz.tbd in Frameworks */,
				76E692E6230C6685D8125FF9 /* libPods-JJS.a in Frameworks */,
				0AA5DC408D1849078487E8BB /* Social.framework in Frameworks */,
				1C108FE7F87D4BB2B4F69CE3 /* MessageUI.framework in Frameworks */,
				D5AD3D522E4F46ACA00C8F5C /* ImageIO.framework in Frameworks */,
				860A9D6630504273B55E6459 /* CoreLocation.framework in Frameworks */,
				D4AAD9B8612947B3871DD645 /* AVFoundation.framework in Frameworks */,
			);
			runOnlyForDeploymentPostprocessing = 0;
		};
/* End PBXFrameworksBuildPhase section */

/* Begin PBXGroup section */
		080E96DDFE201D6D7F000001 /* Classes */ = {
			isa = PBXGroup;
			children = (
				302D95EE14D2391D003F00A1 /* MainViewController.h */,
				302D95EF14D2391D003F00A1 /* MainViewController.m */,
				302D95F014D2391D003F00A1 /* MainViewController.xib */,
				1D3623240D0F684500981E51 /* AppDelegate.h */,
				1D3623250D0F684500981E51 /* AppDelegate.m */,
			);
			name = Classes;
			path = JJS/Classes;
			sourceTree = SOURCE_ROOT;
		};
		19C28FACFE9D520D11CA2CBB /* Products */ = {
			isa = PBXGroup;
			children = (
				1D6058910D05DD3D006BFB54 /* JJS.app */,
			);
			name = Products;
			sourceTree = "<group>";
		};
		29B97314FDCFA39411CA2CEA /* CustomTemplate */ = {
			isa = PBXGroup;
			children = (
				EB87FDF41871DAF40020F90C /* config.xml */,
				EB87FDF31871DA8E0020F90C /* www */,
				EB87FDF11871DA420020F90C /* Staging */,
				301BF52D109A57CC0062928A /* CordovaLib.xcodeproj */,
				080E96DDFE201D6D7F000001 /* Classes */,
				307C750510C5A3420062BCA9 /* Plugins */,
				29B97315FDCFA39411CA2CEA /* Other Sources */,
				29B97317FDCFA39411CA2CEA /* Resources */,
				29B97323FDCFA39411CA2CEA /* Frameworks */,
				19C28FACFE9D520D11CA2CBB /* Products */,
				E2C3475D2DB2CAA57A8EA783 /* Pods */,
			);
			name = CustomTemplate;
			sourceTree = "<group>";
		};
		29B97315FDCFA39411CA2CEA /* Other Sources */ = {
			isa = PBXGroup;
			children = (
				32CA4F630368D1EE00C91783 /* JJS-Prefix.pch */,
				29B97316FDCFA39411CA2CEA /* main.m */,
				ED33DF2A687741AEAF9F8254 /* Bridging-Header.h */,
			);
			name = "Other Sources";
			path = JJS;
			sourceTree = "<group>";
		};
		29B97317FDCFA39411CA2CEA /* Resources */ = {
			isa = PBXGroup;
			children = (
				0207DA571B56EA530066E2B4 /* Images.xcassets */,
				3047A50E1AB8057F00498E2A /* config */,
				8D1107310486CEB800E47090 /* JJS-Info.plist */,
				6AFF5BF81D6E424B00AB3073 /* CDVLaunchScreen.storyboard */,
			);
			name = Resources;
			path = JJS/Resources;
			sourceTree = "<group>";
		};
		29B97323FDCFA39411CA2CEA /* Frameworks */ = {
			isa = PBXGroup;
			children = (
				1F5E377C15C6490EB66AE13A /* SystemConfiguration.framework */,
				7B9548AA022F40C4A1B5683F /* CoreTelephony.framework */,
				082155ACFF3A4FF6B1A97B5B /* QuartzCore.framework */,
				35B24C33C14E48DA9DBDC78D /* AddressBook.framework */,
				8217CA543C8947BD88625DCE /* libsqlite3.tbd */,
				2D47896BF4444700BCAE86B6 /* libz.tbd */,
				65558508A94997279C743C46 /* libPods-JJS.a */,
				3EFF32AC0C9E41BAA21DC6A8 /* Social.framework */,
				E791B0677E5B48C5A1D12302 /* MessageUI.framework */,
				619DE427662A4BC592CE6F3F /* ImageIO.framework */,
				CB196B40CCEE4D98B48D6014 /* CoreLocation.framework */,
				9502DEDDB76A414EB3700CAE /* AVFoundation.framework */,
			);
			name = Frameworks;
			sourceTree = "<group>";
		};
		301BF52E109A57CC0062928A /* Products */ = {
			isa = PBXGroup;
			children = (
				301BF535109A57CC0062928A /* libCordova.a */,
			);
			name = Products;
			sourceTree = "<group>";
		};
		3047A50E1AB8057F00498E2A /* config */ = {
			isa = PBXGroup;
			children = (
				3047A50F1AB8059700498E2A /* build-debug.xcconfig */,
				3047A5101AB8059700498E2A /* build-release.xcconfig */,
				3047A5111AB8059700498E2A /* build.xcconfig */,
			);
			name = config;
			sourceTree = "<group>";
		};
		307C750510C5A3420062BCA9 /* Plugins */ = {
			isa = PBXGroup;
			children = (
				DE2819604C1A4351BE27A453 /* CDVLogger.m */,
				6B829D4D0B254295AEA8CD32 /* CDVLogger.h */,
				1CBDB9A1ACA34815A55E1D4A /* CDVDevice.m */,
				4067353849034E269531E180 /* CDVDevice.h */,
				4732DDB2C35D4884AF30E935 /* CDVConnection.m */,
				8BFE4392562B4F69BAD3AA6B /* CDVReachability.m */,
				E2ADD5E3AE6846529A7F04CF /* CDVConnection.h */,
				75181D71D9234994A830D6B3 /* CDVReachability.h */,
				1AA3B21E18AB424F9A5E4D2F /* Sim.m */,
				BBB9816121E945A2BF2F3F98 /* Sim.h */,
				4507FDBAED264FA6BEB772D5 /* CDVSplashScreen.m */,
				B33F4237454147549866E176 /* CDVViewController+SplashScreen.m */,
				0D7EA2814CB24FA0B11DD1F1 /* CDVSplashScreen.h */,
				38455FB056BB4E1EADB18A00 /* CDVViewController+SplashScreen.h */,
				03E7B365B1A147E99151AD2E /* CDVStatusBar.m */,
				8BABC9C8553C4FDCBBECA159 /* CDVStatusBar.h */,
				7F1CAF47968544ABAF166B9E /* Toast+UIView.m */,
				9132790D6B934F579B95C027 /* Toast.m */,
				3C81F35FC9814439A23D46B3 /* Toast+UIView.h */,
				5791FDDA775247DAB0C39DCB /* Toast.h */,
				85B00EA63CE5419AB23F41D0 /* IonicKeyboard.m */,
				1AC011AC483749EE8FC915D7 /* IonicKeyboard.h */,
				10B315E05C184A159190F46C /* AppDelegate+notification.m */,
				A4BA17D7866F4DBF9173A90F /* PushPlugin.m */,
				7C3F4EDCAE7E45DC94A933C5 /* AppDelegate+notification.h */,
				A9A9D3CF8B6C42839B475771 /* PushPlugin.h */,
				A3DE55804E9441518AF8C1E8 /* NSString+SSURLEncoding.m */,
				7494F5902C3C4FA2981E257D /* SocialSharing.m */,
				C80EC19017EB49148B33C146 /* NSString+SSURLEncoding.h */,
				8CC9F1DC76BD42BF9CA0D060 /* SocialSharing.h */,
				B14F7A60F1BB43DBA217F54D /* UIImage+CropScaleOrientation.m */,
				0F792B2550DE471FACA67A7C /* CDVCamera.m */,
				FC28B3C0714249B29D98ADF6 /* CDVJpegHeaderWriter.m */,
				668B3627B34042BEBE96379F /* UIImage+CropScaleOrientation.h */,
				E6FC8C9FC37D4F52A17A1B8D /* CDVCamera.h */,
				09CC8DDE8619482D831992D1 /* CDVJpegHeaderWriter.h */,
				92F008FBAEF746DD80EEDB81 /* CDVExif.h */,
			);
			name = Plugins;
			path = JJS/Plugins;
			sourceTree = SOURCE_ROOT;
		};
		E2C3475D2DB2CAA57A8EA783 /* Pods */ = {
			isa = PBXGroup;
			children = (
			);
			name = Pods;
			sourceTree = "<group>";
		};
		EB87FDF11871DA420020F90C /* Staging */ = {
			isa = PBXGroup;
			children = (
				F840E1F0165FE0F500CFE078 /* config.xml */,
				301BF56E109A69640062928A /* www */,
			);
			name = Staging;
			sourceTree = "<group>";
		};
/* End PBXGroup section */

/* Begin PBXNativeTarget section */
		1D6058900D05DD3D006BFB54 /* JJS */ = {
			isa = PBXNativeTarget;
			buildConfigurationList = 1D6058960D05DD3E006BFB54 /* Build configuration list for PBXNativeTarget "JJS" */;
			buildPhases = (
				1E8FE9A79FD9707B795F660D /* [CP] Check Pods Manifest.lock */,
				304B58A110DAC018002A0835 /* Copy www directory */,
				1D60588D0D05DD3D006BFB54 /* Resources */,
				1D60588E0D05DD3D006BFB54 /* Sources */,
				1D60588F0D05DD3D006BFB54 /* Frameworks */,
				DC1C2D54B34ED9B396525EA9 /* [CP] Embed Pods Frameworks */,
				D24BB6B9B3204544A5012755 /* [CP] Copy Pods Resources */,
			);
			buildRules = (
			);
			dependencies = (
				301BF551109A68C00062928A /* PBXTargetDependency */,
			);
			name = JJS;
			productName = JJS;
			productReference = 1D6058910D05DD3D006BFB54 /* JJS.app */;
			productType = "com.apple.product-type.application";
		};
/* End PBXNativeTarget section */

/* Begin PBXProject section */
		29B97313FDCFA39411CA2CEA /* Project object */ = {
			isa = PBXProject;
			attributes = {
				LastUpgradeCheck = 510;
				TargetAttributes = {
					1D6058900D05DD3D006BFB54 = {
						DevelopmentTeam = XK2X56M449;
						ProvisioningStyle = Automatic;
					};
				};
			};
			buildConfigurationList = C01FCF4E08A954540054247B /* Build configuration list for PBXProject "JJS" */;
			compatibilityVersion = "Xcode 3.2";
			developmentRegion = English;
			hasScannedForEncodings = 1;
			knownRegions = (
				en,
			);
			mainGroup = 29B97314FDCFA39411CA2CEA /* CustomTemplate */;
			productRefGroup = 19C28FACFE9D520D11CA2CBB /* Products */;
			projectDirPath = "";
			projectReferences = (
				{
					ProductGroup = 301BF52E109A57CC0062928A /* Products */;
					ProjectRef = 301BF52D109A57CC0062928A /* CordovaLib.xcodeproj */;
				},
			);
			projectRoot = "";
			targets = (
				1D6058900D05DD3D006BFB54 /* JJS */,
			);
		};
/* End PBXProject section */

/* Begin PBXReferenceProxy section */
		301BF535109A57CC0062928A /* libCordova.a */ = {
			isa = PBXReferenceProxy;
			fileType = archive.ar;
			path = libCordova.a;
			remoteRef = 301BF534109A57CC0062928A /* PBXContainerItemProxy */;
			sourceTree = BUILT_PRODUCTS_DIR;
		};
/* End PBXReferenceProxy section */

/* Begin PBXResourcesBuildPhase section */
		1D60588D0D05DD3D006BFB54 /* Resources */ = {
			isa = PBXResourcesBuildPhase;
			buildActionMask = 2147483647;
			files = (
				302D95F214D2391D003F00A1 /* MainViewController.xib in Resources */,
				0207DA581B56EA530066E2B4 /* Images.xcassets in Resources */,
				6AFF5BF91D6E424B00AB3073 /* CDVLaunchScreen.storyboard in Resources */,
			);
			runOnlyForDeploymentPostprocessing = 0;
		};
/* End PBXResourcesBuildPhase section */

/* Begin PBXShellScriptBuildPhase section */
		1E8FE9A79FD9707B795F660D /* [CP] Check Pods Manifest.lock */ = {
			isa = PBXShellScriptBuildPhase;
			buildActionMask = 2147483647;
			files = (
			);
			inputPaths = (
			);
			name = "[CP] Check Pods Manifest.lock";
			outputPaths = (
			);
			runOnlyForDeploymentPostprocessing = 0;
			shellPath = /bin/sh;
			shellScript = "diff \"${PODS_ROOT}/../Podfile.lock\" \"${PODS_ROOT}/Manifest.lock\" > /dev/null\nif [ $? != 0 ] ; then\n    # print error to STDERR\n    echo \"error: The sandbox is not in sync with the Podfile.lock. Run 'pod install' or update your CocoaPods installation.\" >&2\n    exit 1\nfi\n";
			showEnvVarsInLog = 0;
		};
		304B58A110DAC018002A0835 /* Copy www directory */ = {
			isa = PBXShellScriptBuildPhase;
			buildActionMask = 2147483647;
			files = (
			);
			inputPaths = (
			);
			name = "Copy www directory";
			outputPaths = (
			);
			runOnlyForDeploymentPostprocessing = 0;
			shellPath = /bin/sh;
			shellScript = "NODEJS_PATH=/usr/local/bin; NVM_NODE_PATH=~/.nvm/versions/node/`nvm version 2>/dev/null`/bin; N_NODE_PATH=`find /usr/local/n/versions/node/* -maxdepth 0 -type d 2>/dev/null | tail -1`/bin; XCODE_NODE_PATH=`xcode-select --print-path`/usr/share/xcs/Node/bin; PATH=$NODEJS_PATH:$NVM_NODE_PATH:$N_NODE_PATH:$XCODE_NODE_PATH:$PATH && node cordova/lib/copy-www-build-step.js";
			showEnvVarsInLog = 0;
		};
		D24BB6B9B3204544A5012755 /* [CP] Copy Pods Resources */ = {
			isa = PBXShellScriptBuildPhase;
			buildActionMask = 2147483647;
			files = (
			);
			inputPaths = (
			);
			name = "[CP] Copy Pods Resources";
			outputPaths = (
			);
			runOnlyForDeploymentPostprocessing = 0;
			shellPath = /bin/sh;
			shellScript = "\"${SRCROOT}/Pods/Target Support Files/Pods-JJS/Pods-JJS-resources.sh\"\n";
			showEnvVarsInLog = 0;
		};
		DC1C2D54B34ED9B396525EA9 /* [CP] Embed Pods Frameworks */ = {
			isa = PBXShellScriptBuildPhase;
			buildActionMask = 2147483647;
			files = (
			);
			inputPaths = (
			);
			name = "[CP] Embed Pods Frameworks";
			outputPaths = (
			);
			runOnlyForDeploymentPostprocessing = 0;
			shellPath = /bin/sh;
			shellScript = "\"${SRCROOT}/Pods/Target Support Files/Pods-JJS/Pods-JJS-frameworks.sh\"\n";
			showEnvVarsInLog = 0;
		};
/* End PBXShellScriptBuildPhase section */

/* Begin PBXSourcesBuildPhase section */
		1D60588E0D05DD3D006BFB54 /* Sources */ = {
			isa = PBXSourcesBuildPhase;
			buildActionMask = 2147483647;
			files = (
				1D60589B0D05DD56006BFB54 /* main.m in Sources */,
				1D3623260D0F684500981E51 /* AppDelegate.m in Sources */,
				302D95F114D2391D003F00A1 /* MainViewController.m in Sources */,
				8E379D2E6E024196890A1811 /* CDVLogger.m in Sources */,
				08A2BF342AEA46C4AE063400 /* CDVDevice.m in Sources */,
				1349B6F9F2A8424EB31881E5 /* CDVConnection.m in Sources */,
				34EF6F6965CF4E9BBA9DBAD4 /* CDVReachability.m in Sources */,
				D144E98ABCFB4F5FB27A8A98 /* Sim.m in Sources */,
				F243215D36264D45AE57CC2A /* CDVSplashScreen.m in Sources */,
				FB90A0E67A54406A993BF830 /* CDVViewController+SplashScreen.m in Sources */,
				3CEA671DC31543B7BAB3E2DC /* CDVStatusBar.m in Sources */,
				628D43B466BE44538EF87CFF /* Toast+UIView.m in Sources */,
				40948BB9F5AD478BA50358DC /* Toast.m in Sources */,
				97A61B84BCDB452C86183326 /* IonicKeyboard.m in Sources */,
				D28FA83E6EE14FCEA5A32EDC /* AppDelegate+notification.m in Sources */,
				54746B2FC1A94DEDA54DD688 /* PushPlugin.m in Sources */,
				E7E4EEBA1B6341C98BEC68ED /* NSString+SSURLEncoding.m in Sources */,
				C8B8018541F64F6CA9F9940D /* SocialSharing.m in Sources */,
				2D996045CF2A487D944D3153 /* UIImage+CropScaleOrientation.m in Sources */,
				416EB557F47F40B989936B45 /* CDVCamera.m in Sources */,
				E256A3CC61F144369C226C82 /* CDVJpegHeaderWriter.m in Sources */,
			);
			runOnlyForDeploymentPostprocessing = 0;
		};
/* End PBXSourcesBuildPhase section */

/* Begin PBXTargetDependency section */
		301BF551109A68C00062928A /* PBXTargetDependency */ = {
			isa = PBXTargetDependency;
			name = CordovaLib;
			targetProxy = 301BF550109A68C00062928A /* PBXContainerItemProxy */;
		};
/* End PBXTargetDependency section */

/* Begin XCBuildConfiguration section */
		1D6058940D05DD3E006BFB54 /* Debug */ = {
			isa = XCBuildConfiguration;
			baseConfigurationReference = 3047A50F1AB8059700498E2A /* build-debug.xcconfig */;
			buildSettings = {
				ALWAYS_SEARCH_USER_PATHS = NO;
				ASSETCATALOG_COMPILER_APPICON_NAME = AppIcon;
				ASSETCATALOG_COMPILER_LAUNCHIMAGE_NAME = LaunchImage;
				CLANG_ENABLE_MODULES = YES;
				CLANG_ENABLE_OBJC_ARC = YES;
				"CODE_SIGN_IDENTITY[sdk=iphoneos*]" = "iPhone Developer";
				COPY_PHASE_STRIP = NO;
				DEVELOPMENT_TEAM = XK2X56M449;
				GCC_DYNAMIC_NO_PIC = NO;
				GCC_OPTIMIZATION_LEVEL = 0;
				GCC_PRECOMPILE_PREFIX_HEADER = YES;
				GCC_PREFIX_HEADER = "JJS/JJS-Prefix.pch";
				GCC_THUMB_SUPPORT = NO;
				GCC_VERSION = "";
				INFOPLIST_FILE = "JJS/JJS-Info.plist";
				IPHONEOS_DEPLOYMENT_TARGET = 8.0;
				LD_RUNPATH_SEARCH_PATHS = "@executable_path/Frameworks";
				PRODUCT_NAME = JJS;
				TARGETED_DEVICE_FAMILY = "1,2";
			};
			name = Debug;
		};
		1D6058950D05DD3E006BFB54 /* Release */ = {
			isa = XCBuildConfiguration;
			baseConfigurationReference = 3047A5101AB8059700498E2A /* build-release.xcconfig */;
			buildSettings = {
				ALWAYS_SEARCH_USER_PATHS = NO;
				ASSETCATALOG_COMPILER_APPICON_NAME = AppIcon;
				ASSETCATALOG_COMPILER_LAUNCHIMAGE_NAME = LaunchImage;
				CLANG_ENABLE_MODULES = YES;
				CLANG_ENABLE_OBJC_ARC = YES;
				"CODE_SIGN_IDENTITY[sdk=iphoneos*]" = "iPhone Developer";
				COPY_PHASE_STRIP = YES;
				DEVELOPMENT_TEAM = XK2X56M449;
				GCC_PRECOMPILE_PREFIX_HEADER = YES;
				GCC_PREFIX_HEADER = "JJS/JJS-Prefix.pch";
				GCC_THUMB_SUPPORT = NO;
				GCC_VERSION = "";
				INFOPLIST_FILE = "JJS/JJS-Info.plist";
				IPHONEOS_DEPLOYMENT_TARGET = 8.0;
				LD_RUNPATH_SEARCH_PATHS = "@executable_path/Frameworks";
				PRODUCT_NAME = JJS;
				TARGETED_DEVICE_FAMILY = "1,2";
			};
			name = Release;
		};
		C01FCF4F08A954540054247B /* Debug */ = {
			isa = XCBuildConfiguration;
			baseConfigurationReference = 3047A5111AB8059700498E2A /* build.xcconfig */;
			buildSettings = {
				ASSETCATALOG_COMPILER_LAUNCHIMAGE_NAME = LaunchImage;
				CLANG_ENABLE_MODULES = YES;
				CLANG_ENABLE_OBJC_ARC = YES;
				CLANG_WARN_BOOL_CONVERSION = YES;
				CLANG_WARN_CONSTANT_CONVERSION = YES;
				CLANG_WARN_EMPTY_BODY = YES;
				CLANG_WARN_ENUM_CONVERSION = YES;
				CLANG_WARN_INT_CONVERSION = YES;
				CLANG_WARN__DUPLICATE_METHOD_MATCH = YES;
				"CODE_SIGN_IDENTITY[sdk=iphoneos*]" = "Mac Developer: veerender.chitrala@gmail.com (29F34Y28S2)";
				GCC_C_LANGUAGE_STANDARD = c99;
				GCC_THUMB_SUPPORT = NO;
				GCC_VERSION = "";
				GCC_WARN_ABOUT_RETURN_TYPE = YES;
				GCC_WARN_UNDECLARED_SELECTOR = YES;
				GCC_WARN_UNINITIALIZED_AUTOS = YES;
				GCC_WARN_UNUSED_FUNCTION = YES;
				GCC_WARN_UNUSED_VARIABLE = YES;
				ONLY_ACTIVE_ARCH = YES;
				SDKROOT = iphoneos;
				SKIP_INSTALL = NO;
			};
			name = Debug;
		};
		C01FCF5008A954540054247B /* Release */ = {
			isa = XCBuildConfiguration;
			baseConfigurationReference = 3047A5111AB8059700498E2A /* build.xcconfig */;
			buildSettings = {
				ASSETCATALOG_COMPILER_LAUNCHIMAGE_NAME = LaunchImage;
				CLANG_ENABLE_MODULES = YES;
				CLANG_ENABLE_OBJC_ARC = YES;
				CLANG_WARN_BOOL_CONVERSION = YES;
				CLANG_WARN_CONSTANT_CONVERSION = YES;
				CLANG_WARN_EMPTY_BODY = YES;
				CLANG_WARN_ENUM_CONVERSION = YES;
				CLANG_WARN_INT_CONVERSION = YES;
				CLANG_WARN__DUPLICATE_METHOD_MATCH = YES;
				"CODE_SIGN_IDENTITY[sdk=iphoneos*]" = "Mac Developer: veerender.chitrala@gmail.com (29F34Y28S2)";
				GCC_C_LANGUAGE_STANDARD = c99;
				GCC_THUMB_SUPPORT = NO;
				GCC_VERSION = "";
				GCC_WARN_ABOUT_RETURN_TYPE = YES;
				GCC_WARN_UNDECLARED_SELECTOR = YES;
				GCC_WARN_UNINITIALIZED_AUTOS = YES;
				GCC_WARN_UNUSED_FUNCTION = YES;
				GCC_WARN_UNUSED_VARIABLE = YES;
				SDKROOT = iphoneos;
				SKIP_INSTALL = NO;
			};
			name = Release;
		};
/* End XCBuildConfiguration section */

/* Begin XCConfigurationList section */
		1D6058960D05DD3E006BFB54 /* Build configuration list for PBXNativeTarget "JJS" */ = {
			isa = XCConfigurationList;
			buildConfigurations = (
				1D6058940D05DD3E006BFB54 /* Debug */,
				1D6058950D05DD3E006BFB54 /* Release */,
			);
			defaultConfigurationIsVisible = 0;
			defaultConfigurationName = Release;
		};
		C01FCF4E08A954540054247B /* Build configuration list for PBXProject "JJS" */ = {
			isa = XCConfigurationList;
			buildConfigurations = (
				C01FCF4F08A954540054247B /* Debug */,
				C01FCF5008A954540054247B /* Release */,
			);
			defaultConfigurationIsVisible = 0;
			defaultConfigurationName = Release;
		};
/* End XCConfigurationList section */
	};
	rootObject = 29B97313FDCFA39411CA2CEA /* Project object */;
}
